
Microsoft Visual Studio Solution File, Format Version 12.00
# Visual Studio Version 17
VisualStudioVersion = 17.6.33829.357
MinimumVisualStudioVersion = 10.0.40219.1
Project("{9A19103F-16F7-4668-BE54-9A1E7A4F7556}") = "Api", "Api\Api.csproj", "{7E1DB10E-9083-4F55-B68B-6125213673EA}"
EndProject
Project("{2150E333-8FDC-42A3-9474-1A3956D46DE8}") = "Solution Items", "Solution Items", "{018890CC-17E9-461D-8D06-4EF2A736120D}"
	ProjectSection(SolutionItems) = preProject
		.globalconfig = .globalconfig
	EndProjectSection
EndProject
Global
	GlobalSection(SolutionConfigurationPlatforms) = preSolution
		Debug|Any CPU = Debug|Any CPU
		Release|Any CPU = Release|Any CPU
	EndGlobalSection
	GlobalSection(ProjectConfigurationPlatforms) = postSolution
		{7E1DB10E-9083-4F55-B68B-6125213673EA}.Debug|Any CPU.ActiveCfg = Debug|Any CPU
		{7E1DB10E-9083-4F55-B68B-6125213673EA}.Debug|Any CPU.Build.0 = Debug|Any CPU
		{7E1DB10E-9083-4F55-B68B-6125213673EA}.Release|Any CPU.ActiveCfg = Release|Any CPU
		{7E1DB10E-9083-4F55-B68B-6125213673EA}.Release|Any CPU.Build.0 = Release|Any CPU
	EndGlobalSection
	GlobalSection(SolutionProperties) = preSolution
		HideSolutionNode = FALSE
	EndGlobalSection
	GlobalSection(ExtensibilityGlobals) = postSolution
		SolutionGuid = {910025B8-64FD-40C8-A4EB-340D3C63FB05}
	EndGlobalSection
EndGlobal
